
Microsoft Visual Studio Solution File, Format Version 12.00
# Visual Studio Version 17
VisualStudioVersion = 17.10.35027.167
MinimumVisualStudioVersion = 10.0.40219.1
Project("{FAE04EC0-301F-11D3-BF4B-00C04F79EFBC}") = "HHParser", "HHParser\HHParser.csproj", "{BCDFF1F6-EE50-4529-89ED-2A7E87314010}"
EndProject
Project("{FAE04EC0-301F-11D3-BF4B-00C04F79EFBC}") = "HabrParser", "HabrParser\HabrParser.csproj", "{377F7607-B739-4AD2-87A7-E0A7AE7EC787}"
EndProject
Project("{FAE04EC0-301F-11D3-BF4B-00C04F79EFBC}") = "DotNextParser", "DotNextParser\DotNextParser.csproj", "{F6B5986C-AC04-469F-BA71-27D35A7728B0}"
EndProject
Global
	GlobalSection(SolutionConfigurationPlatforms) = preSolution
		Debug|Any CPU = Debug|Any CPU
		Release|Any CPU = Release|Any CPU
	EndGlobalSection
	GlobalSection(ProjectConfigurationPlatforms) = postSolution
		{BCDFF1F6-EE50-4529-89ED-2A7E87314010}.Debug|Any CPU.ActiveCfg = Debug|Any CPU
		{BCDFF1F6-EE50-4529-89ED-2A7E87314010}.Debug|Any CPU.Build.0 = Debug|Any CPU
		{BCDFF1F6-EE50-4529-89ED-2A7E87314010}.Release|Any CPU.ActiveCfg = Release|Any CPU
		{BCDFF1F6-EE50-4529-89ED-2A7E87314010}.Release|Any CPU.Build.0 = Release|Any CPU
		{377F7607-B739-4AD2-87A7-E0A7AE7EC787}.Debug|Any CPU.ActiveCfg = Debug|Any CPU
		{377F7607-B739-4AD2-87A7-E0A7AE7EC787}.Debug|Any CPU.Build.0 = Debug|Any CPU
		{377F7607-B739-4AD2-87A7-E0A7AE7EC787}.Release|Any CPU.ActiveCfg = Release|Any CPU
		{377F7607-B739-4AD2-87A7-E0A7AE7EC787}.Release|Any CPU.Build.0 = Release|Any CPU
		{F6B5986C-AC04-469F-BA71-27D35A7728B0}.Debug|Any CPU.ActiveCfg = Debug|Any CPU
		{F6B5986C-AC04-469F-BA71-27D35A7728B0}.Debug|Any CPU.Build.0 = Debug|Any CPU
		{F6B5986C-AC04-469F-BA71-27D35A7728B0}.Release|Any CPU.ActiveCfg = Release|Any CPU
		{F6B5986C-AC04-469F-BA71-27D35A7728B0}.Release|Any CPU.Build.0 = Release|Any CPU
	EndGlobalSection
	GlobalSection(SolutionProperties) = preSolution
		HideSolutionNode = FALSE
	EndGlobalSection
	GlobalSection(ExtensibilityGlobals) = postSolution
		SolutionGuid = {98D1CFE9-309A-4947-AEB7-709282A95ED3}
	EndGlobalSection
EndGlobal
